
Microsoft Visual Studio Solution File, Format Version 12.00
# Visual Studio Version 17
VisualStudioVersion = 17.5.002.0
MinimumVisualStudioVersion = 10.0.40219.1
Project("{9A19103F-16F7-4668-BE54-9A1E7A4F7556}") = "ovyCorp", "ovyCorp.csproj", "{686686D9-4082-478F-AF7C-1636CD543BA8}"
EndProject
Global
	GlobalSection(SolutionConfigurationPlatforms) = preSolution
		Debug|Any CPU = Debug|Any CPU
		Release|Any CPU = Release|Any CPU
	EndGlobalSection
	GlobalSection(ProjectConfigurationPlatforms) = postSolution
		{686686D9-4082-478F-AF7C-1636CD543BA8}.Debug|Any CPU.ActiveCfg = Debug|Any CPU
		{686686D9-4082-478F-AF7C-1636CD543BA8}.Debug|Any CPU.Build.0 = Debug|Any CPU
		{686686D9-4082-478F-AF7C-1636CD543BA8}.Release|Any CPU.ActiveCfg = Release|Any CPU
		{686686D9-4082-478F-AF7C-1636CD543BA8}.Release|Any CPU.Build.0 = Release|Any CPU
	EndGlobalSection
	GlobalSection(SolutionProperties) = preSolution
		HideSolutionNode = FALSE
	EndGlobalSection
	GlobalSection(ExtensibilityGlobals) = postSolution
		SolutionGuid = {8D729047-FF8E-402C-9D7B-A43BD8BA891A}
	EndGlobalSection
EndGlobal
